
Microsoft Visual Studio Solution File, Format Version 12.00
# Visual Studio Version 17
VisualStudioVersion = 17.0.31903.59
MinimumVisualStudioVersion = 10.0.40219.1
Project("{FAE04EC0-301F-11D3-BF4B-00C04F79EFBC}") = "snowcoreBlog.Frontend.Host", "Host\snowcoreBlog.Frontend.Host.csproj", "{853DFF5A-F4CA-4C6F-97D5-B7E9CC05254C}"
EndProject
Project("{FAE04EC0-301F-11D3-BF4B-00C04F79EFBC}") = "snowcoreBlog.PublicApi", "snowcoreBlog.Universal\PublicApi\snowcoreBlog.PublicApi.csproj", "{9B8F9EB8-2976-4BB9-9F14-631B2F452C12}"
EndProject
Project("{FAE04EC0-301F-11D3-BF4B-00C04F79EFBC}") = "snowcoreBlog.Frontend.ReadersManagement", "Modules\ReadersManagement\snowcoreBlog.Frontend.ReadersManagement.csproj", "{7A5844B8-FF6E-4B6F-8271-4FBCCB0CEB69}"
EndProject
Project("{FAE04EC0-301F-11D3-BF4B-00C04F79EFBC}") = "snowcoreBlog.Frontend.Core", "snowcoreBlog.Frontend.Core\snowcoreBlog.Frontend.Core.csproj", "{CADDA3AF-8F0E-498A-A4D2-261A12FEACAA}"
EndProject
Project("{FAE04EC0-301F-11D3-BF4B-00C04F79EFBC}") = "snowcoreBlog.Frontend.Infrastructure", "snowcoreBlog.Frontend.Infrastructure\snowcoreBlog.Frontend.Infrastructure.csproj", "{8FDECCF7-2FF2-4F1D-9855-0EEB519F946E}"
EndProject
Project("{FAE04EC0-301F-11D3-BF4B-00C04F79EFBC}") = "snowcoreBlog.Frontend.SharedComponents", "Modules\SharedComponents\snowcoreBlog.Frontend.SharedComponents.csproj", "{1C3B99D3-E72E-432B-AFFE-ED1740C76899}"
EndProject
Project("{FAE04EC0-301F-11D3-BF4B-00C04F79EFBC}") = "snowcoreBlog.Frontend.Client", "snowcoreBlog.Frontend.Client\snowcoreBlog.Frontend.Client.csproj", "{18DD2ED2-8469-4FDD-9564-DD104A755272}"
EndProject
Project("{FAE04EC0-301F-11D3-BF4B-00C04F79EFBC}") = "snowcoreBlog.Frontend.WasmForDebugging", "snowcoreBlog.Frontend.WasmForDebugging\snowcoreBlog.Frontend.WasmForDebugging.csproj", "{B9D27666-8700-4945-9C76-18748F4CFA34}"
EndProject
Project("{FAE04EC0-301F-11D3-BF4B-00C04F79EFBC}") = "snowcoreBlog.Frontend.ClientShared", "snowcoreBlog.Frontend.ClientShared\snowcoreBlog.Frontend.ClientShared.csproj", "{3D8DF793-CE87-45E3-A951-5763ACBE7048}"
EndProject
Project("{2150E333-8FDC-42A3-9474-1A3956D46DE8}") = "Modules", "Modules", "{CA253913-39DE-BFD0-C9A3-4B7EC6FBDF17}"
EndProject
Project("{2150E333-8FDC-42A3-9474-1A3956D46DE8}") = "Notifications", "Notifications", "{E4F07A3A-0D15-4D3A-4C13-E2BD6EBFF108}"
EndProject
Project("{FAE04EC0-301F-11D3-BF4B-00C04F79EFBC}") = "snowcoreBlog.Frontend.Notifications", "Modules\Notifications\snowcoreBlog.Frontend.Notifications.csproj", "{B6D42F6B-2599-4152-9282-287BE931951B}"
EndProject
Project("{2150E333-8FDC-42A3-9474-1A3956D46DE8}") = "Tests", "Tests", "{A1B2C3D4-E5F6-7890-ABCD-EF1234567890}"
EndProject
Project("{FAE04EC0-301F-11D3-BF4B-00C04F79EFBC}") = "snowcoreBlog.Frontend.Core.Tests", "snowcoreBlog.Frontend.Core.Tests\snowcoreBlog.Frontend.Core.Tests.csproj", "{D88F1A6F-A791-4F3A-A8B0-49805A1326ED}"
EndProject
Project("{FAE04EC0-301F-11D3-BF4B-00C04F79EFBC}") = "snowcoreBlog.Frontend.Infrastructure.Tests", "snowcoreBlog.Frontend.Infrastructure.Tests\snowcoreBlog.Frontend.Infrastructure.Tests.csproj", "{B0AF8DCA-180B-450A-911B-C04CB5217F44}"
EndProject
Project("{FAE04EC0-301F-11D3-BF4B-00C04F79EFBC}") = "snowcoreBlog.Frontend.SharedComponents.Tests", "snowcoreBlog.Frontend.SharedComponents.Tests\snowcoreBlog.Frontend.SharedComponents.Tests.csproj", "{8AC6B59C-4D16-4C8C-BBE0-A3C8752FD99B}"
EndProject
Project("{FAE04EC0-301F-11D3-BF4B-00C04F79EFBC}") = "snowcoreBlog.Frontend.Articles.Tests", "snowcoreBlog.Frontend.Articles.Tests\snowcoreBlog.Frontend.Articles.Tests.csproj", "{36E43FCC-9962-4B63-8EBB-98C5468671BD}"
EndProject
Project("{FAE04EC0-301F-11D3-BF4B-00C04F79EFBC}") = "snowcoreBlog.Frontend.Notifications.Tests", "snowcoreBlog.Frontend.Notifications.Tests\snowcoreBlog.Frontend.Notifications.Tests.csproj", "{594ED497-51BA-4069-AB26-0664FC02AC74}"
EndProject
Project("{FAE04EC0-301F-11D3-BF4B-00C04F79EFBC}") = "snowcoreBlog.Frontend.ReadersManagement.Tests", "snowcoreBlog.Frontend.ReadersManagement.Tests\snowcoreBlog.Frontend.ReadersManagement.Tests.csproj", "{6AF39822-BBC2-4983-8256-9107FDEB83DD}"
EndProject
Global
	GlobalSection(SolutionConfigurationPlatforms) = preSolution
		Debug|Any CPU = Debug|Any CPU
		Debug|x64 = Debug|x64
		Debug|x86 = Debug|x86
		Release|Any CPU = Release|Any CPU
		Release|x64 = Release|x64
		Release|x86 = Release|x86
	EndGlobalSection
	GlobalSection(ProjectConfigurationPlatforms) = postSolution
		{853DFF5A-F4CA-4C6F-97D5-B7E9CC05254C}.Debug|Any CPU.ActiveCfg = Debug|Any CPU
		{853DFF5A-F4CA-4C6F-97D5-B7E9CC05254C}.Debug|Any CPU.Build.0 = Debug|Any CPU
		{853DFF5A-F4CA-4C6F-97D5-B7E9CC05254C}.Debug|x64.ActiveCfg = Debug|Any CPU
		{853DFF5A-F4CA-4C6F-97D5-B7E9CC05254C}.Debug|x64.Build.0 = Debug|Any CPU
		{853DFF5A-F4CA-4C6F-97D5-B7E9CC05254C}.Debug|x86.ActiveCfg = Debug|Any CPU
		{853DFF5A-F4CA-4C6F-97D5-B7E9CC05254C}.Debug|x86.Build.0 = Debug|Any CPU
		{853DFF5A-F4CA-4C6F-97D5-B7E9CC05254C}.Release|Any CPU.ActiveCfg = Release|Any CPU
		{853DFF5A-F4CA-4C6F-97D5-B7E9CC05254C}.Release|Any CPU.Build.0 = Release|Any CPU
		{853DFF5A-F4CA-4C6F-97D5-B7E9CC05254C}.Release|x64.ActiveCfg = Release|Any CPU
		{853DFF5A-F4CA-4C6F-97D5-B7E9CC05254C}.Release|x64.Build.0 = Release|Any CPU
		{853DFF5A-F4CA-4C6F-97D5-B7E9CC05254C}.Release|x86.ActiveCfg = Release|Any CPU
		{853DFF5A-F4CA-4C6F-97D5-B7E9CC05254C}.Release|x86.Build.0 = Release|Any CPU
		{9B8F9EB8-2976-4BB9-9F14-631B2F452C12}.Debug|Any CPU.ActiveCfg = Debug|Any CPU
		{9B8F9EB8-2976-4BB9-9F14-631B2F452C12}.Debug|Any CPU.Build.0 = Debug|Any CPU
		{9B8F9EB8-2976-4BB9-9F14-631B2F452C12}.Debug|x64.ActiveCfg = Debug|Any CPU
		{9B8F9EB8-2976-4BB9-9F14-631B2F452C12}.Debug|x64.Build.0 = Debug|Any CPU
		{9B8F9EB8-2976-4BB9-9F14-631B2F452C12}.Debug|x86.ActiveCfg = Debug|Any CPU
		{9B8F9EB8-2976-4BB9-9F14-631B2F452C12}.Debug|x86.Build.0 = Debug|Any CPU
		{9B8F9EB8-2976-4BB9-9F14-631B2F452C12}.Release|Any CPU.ActiveCfg = Release|Any CPU
		{9B8F9EB8-2976-4BB9-9F14-631B2F452C12}.Release|Any CPU.Build.0 = Release|Any CPU
		{9B8F9EB8-2976-4BB9-9F14-631B2F452C12}.Release|x64.ActiveCfg = Release|Any CPU
		{9B8F9EB8-2976-4BB9-9F14-631B2F452C12}.Release|x64.Build.0 = Release|Any CPU
		{9B8F9EB8-2976-4BB9-9F14-631B2F452C12}.Release|x86.ActiveCfg = Release|Any CPU
		{9B8F9EB8-2976-4BB9-9F14-631B2F452C12}.Release|x86.Build.0 = Release|Any CPU
		{7A5844B8-FF6E-4B6F-8271-4FBCCB0CEB69}.Debug|Any CPU.ActiveCfg = Debug|Any CPU
		{7A5844B8-FF6E-4B6F-8271-4FBCCB0CEB69}.Debug|Any CPU.Build.0 = Debug|Any CPU
		{7A5844B8-FF6E-4B6F-8271-4FBCCB0CEB69}.Debug|x64.ActiveCfg = Debug|Any CPU
		{7A5844B8-FF6E-4B6F-8271-4FBCCB0CEB69}.Debug|x64.Build.0 = Debug|Any CPU
		{7A5844B8-FF6E-4B6F-8271-4FBCCB0CEB69}.Debug|x86.ActiveCfg = Debug|Any CPU
		{7A5844B8-FF6E-4B6F-8271-4FBCCB0CEB69}.Debug|x86.Build.0 = Debug|Any CPU
		{7A5844B8-FF6E-4B6F-8271-4FBCCB0CEB69}.Release|Any CPU.ActiveCfg = Release|Any CPU
		{7A5844B8-FF6E-4B6F-8271-4FBCCB0CEB69}.Release|Any CPU.Build.0 = Release|Any CPU
		{7A5844B8-FF6E-4B6F-8271-4FBCCB0CEB69}.Release|x64.ActiveCfg = Release|Any CPU
		{7A5844B8-FF6E-4B6F-8271-4FBCCB0CEB69}.Release|x64.Build.0 = Release|Any CPU
		{7A5844B8-FF6E-4B6F-8271-4FBCCB0CEB69}.Release|x86.ActiveCfg = Release|Any CPU
		{7A5844B8-FF6E-4B6F-8271-4FBCCB0CEB69}.Release|x86.Build.0 = Release|Any CPU
		{CADDA3AF-8F0E-498A-A4D2-261A12FEACAA}.Debug|Any CPU.ActiveCfg = Debug|Any CPU
		{CADDA3AF-8F0E-498A-A4D2-261A12FEACAA}.Debug|Any CPU.Build.0 = Debug|Any CPU
		{CADDA3AF-8F0E-498A-A4D2-261A12FEACAA}.Debug|x64.ActiveCfg = Debug|Any CPU
		{CADDA3AF-8F0E-498A-A4D2-261A12FEACAA}.Debug|x64.Build.0 = Debug|Any CPU
		{CADDA3AF-8F0E-498A-A4D2-261A12FEACAA}.Debug|x86.ActiveCfg = Debug|Any CPU
		{CADDA3AF-8F0E-498A-A4D2-261A12FEACAA}.Debug|x86.Build.0 = Debug|Any CPU
		{CADDA3AF-8F0E-498A-A4D2-261A12FEACAA}.Release|Any CPU.ActiveCfg = Release|Any CPU
		{CADDA3AF-8F0E-498A-A4D2-261A12FEACAA}.Release|Any CPU.Build.0 = Release|Any CPU
		{CADDA3AF-8F0E-498A-A4D2-261A12FEACAA}.Release|x64.ActiveCfg = Release|Any CPU
		{CADDA3AF-8F0E-498A-A4D2-261A12FEACAA}.Release|x64.Build.0 = Release|Any CPU
		{CADDA3AF-8F0E-498A-A4D2-261A12FEACAA}.Release|x86.ActiveCfg = Release|Any CPU
		{CADDA3AF-8F0E-498A-A4D2-261A12FEACAA}.Release|x86.Build.0 = Release|Any CPU
		{8FDECCF7-2FF2-4F1D-9855-0EEB519F946E}.Debug|Any CPU.ActiveCfg = Debug|Any CPU
		{8FDECCF7-2FF2-4F1D-9855-0EEB519F946E}.Debug|Any CPU.Build.0 = Debug|Any CPU
		{8FDECCF7-2FF2-4F1D-9855-0EEB519F946E}.Debug|x64.ActiveCfg = Debug|Any CPU
		{8FDECCF7-2FF2-4F1D-9855-0EEB519F946E}.Debug|x64.Build.0 = Debug|Any CPU
		{8FDECCF7-2FF2-4F1D-9855-0EEB519F946E}.Debug|x86.ActiveCfg = Debug|Any CPU
		{8FDECCF7-2FF2-4F1D-9855-0EEB519F946E}.Debug|x86.Build.0 = Debug|Any CPU
		{8FDECCF7-2FF2-4F1D-9855-0EEB519F946E}.Release|Any CPU.ActiveCfg = Release|Any CPU
		{8FDECCF7-2FF2-4F1D-9855-0EEB519F946E}.Release|Any CPU.Build.0 = Release|Any CPU
		{8FDECCF7-2FF2-4F1D-9855-0EEB519F946E}.Release|x64.ActiveCfg = Release|Any CPU
		{8FDECCF7-2FF2-4F1D-9855-0EEB519F946E}.Release|x64.Build.0 = Release|Any CPU
		{8FDECCF7-2FF2-4F1D-9855-0EEB519F946E}.Release|x86.ActiveCfg = Release|Any CPU
		{8FDECCF7-2FF2-4F1D-9855-0EEB519F946E}.Release|x86.Build.0 = Release|Any CPU
		{1C3B99D3-E72E-432B-AFFE-ED1740C76899}.Debug|Any CPU.ActiveCfg = Debug|Any CPU
		{1C3B99D3-E72E-432B-AFFE-ED1740C76899}.Debug|Any CPU.Build.0 = Debug|Any CPU
		{1C3B99D3-E72E-432B-AFFE-ED1740C76899}.Debug|x64.ActiveCfg = Debug|Any CPU
		{1C3B99D3-E72E-432B-AFFE-ED1740C76899}.Debug|x64.Build.0 = Debug|Any CPU
		{1C3B99D3-E72E-432B-AFFE-ED1740C76899}.Debug|x86.ActiveCfg = Debug|Any CPU
		{1C3B99D3-E72E-432B-AFFE-ED1740C76899}.Debug|x86.Build.0 = Debug|Any CPU
		{1C3B99D3-E72E-432B-AFFE-ED1740C76899}.Release|Any CPU.ActiveCfg = Release|Any CPU
		{1C3B99D3-E72E-432B-AFFE-ED1740C76899}.Release|Any CPU.Build.0 = Release|Any CPU
		{1C3B99D3-E72E-432B-AFFE-ED1740C76899}.Release|x64.ActiveCfg = Release|Any CPU
		{1C3B99D3-E72E-432B-AFFE-ED1740C76899}.Release|x64.Build.0 = Release|Any CPU
		{1C3B99D3-E72E-432B-AFFE-ED1740C76899}.Release|x86.ActiveCfg = Release|Any CPU
		{1C3B99D3-E72E-432B-AFFE-ED1740C76899}.Release|x86.Build.0 = Release|Any CPU
		{18DD2ED2-8469-4FDD-9564-DD104A755272}.Debug|Any CPU.ActiveCfg = Debug|Any CPU
		{18DD2ED2-8469-4FDD-9564-DD104A755272}.Debug|Any CPU.Build.0 = Debug|Any CPU
		{18DD2ED2-8469-4FDD-9564-DD104A755272}.Debug|x64.ActiveCfg = Debug|Any CPU
		{18DD2ED2-8469-4FDD-9564-DD104A755272}.Debug|x64.Build.0 = Debug|Any CPU
		{18DD2ED2-8469-4FDD-9564-DD104A755272}.Debug|x86.ActiveCfg = Debug|Any CPU
		{18DD2ED2-8469-4FDD-9564-DD104A755272}.Debug|x86.Build.0 = Debug|Any CPU
		{18DD2ED2-8469-4FDD-9564-DD104A755272}.Release|Any CPU.ActiveCfg = Release|Any CPU
		{18DD2ED2-8469-4FDD-9564-DD104A755272}.Release|Any CPU.Build.0 = Release|Any CPU
		{18DD2ED2-8469-4FDD-9564-DD104A755272}.Release|x64.ActiveCfg = Release|Any CPU
		{18DD2ED2-8469-4FDD-9564-DD104A755272}.Release|x64.Build.0 = Release|Any CPU
		{18DD2ED2-8469-4FDD-9564-DD104A755272}.Release|x86.ActiveCfg = Release|Any CPU
		{18DD2ED2-8469-4FDD-9564-DD104A755272}.Release|x86.Build.0 = Release|Any CPU
		{B9D27666-8700-4945-9C76-18748F4CFA34}.Debug|Any CPU.ActiveCfg = Debug|Any CPU
		{B9D27666-8700-4945-9C76-18748F4CFA34}.Debug|Any CPU.Build.0 = Debug|Any CPU
		{B9D27666-8700-4945-9C76-18748F4CFA34}.Debug|x64.ActiveCfg = Debug|Any CPU
		{B9D27666-8700-4945-9C76-18748F4CFA34}.Debug|x64.Build.0 = Debug|Any CPU
		{B9D27666-8700-4945-9C76-18748F4CFA34}.Debug|x86.ActiveCfg = Debug|Any CPU
		{B9D27666-8700-4945-9C76-18748F4CFA34}.Debug|x86.Build.0 = Debug|Any CPU
		{B9D27666-8700-4945-9C76-18748F4CFA34}.Release|Any CPU.ActiveCfg = Release|Any CPU
		{B9D27666-8700-4945-9C76-18748F4CFA34}.Release|Any CPU.Build.0 = Release|Any CPU
		{B9D27666-8700-4945-9C76-18748F4CFA34}.Release|x64.ActiveCfg = Release|Any CPU
		{B9D27666-8700-4945-9C76-18748F4CFA34}.Release|x64.Build.0 = Release|Any CPU
		{B9D27666-8700-4945-9C76-18748F4CFA34}.Release|x86.ActiveCfg = Release|Any CPU
		{B9D27666-8700-4945-9C76-18748F4CFA34}.Release|x86.Build.0 = Release|Any CPU
		{3D8DF793-CE87-45E3-A951-5763ACBE7048}.Debug|Any CPU.ActiveCfg = Debug|Any CPU
		{3D8DF793-CE87-45E3-A951-5763ACBE7048}.Debug|Any CPU.Build.0 = Debug|Any CPU
		{3D8DF793-CE87-45E3-A951-5763ACBE7048}.Debug|x64.ActiveCfg = Debug|Any CPU
		{3D8DF793-CE87-45E3-A951-5763ACBE7048}.Debug|x64.Build.0 = Debug|Any CPU
		{3D8DF793-CE87-45E3-A951-5763ACBE7048}.Debug|x86.ActiveCfg = Debug|Any CPU
		{3D8DF793-CE87-45E3-A951-5763ACBE7048}.Debug|x86.Build.0 = Debug|Any CPU
		{3D8DF793-CE87-45E3-A951-5763ACBE7048}.Release|Any CPU.ActiveCfg = Release|Any CPU
		{3D8DF793-CE87-45E3-A951-5763ACBE7048}.Release|Any CPU.Build.0 = Release|Any CPU
		{3D8DF793-CE87-45E3-A951-5763ACBE7048}.Release|x64.ActiveCfg = Release|Any CPU
		{3D8DF793-CE87-45E3-A951-5763ACBE7048}.Release|x64.Build.0 = Release|Any CPU
		{3D8DF793-CE87-45E3-A951-5763ACBE7048}.Release|x86.ActiveCfg = Release|Any CPU
		{3D8DF793-CE87-45E3-A951-5763ACBE7048}.Release|x86.Build.0 = Release|Any CPU
		{B6D42F6B-2599-4152-9282-287BE931951B}.Debug|Any CPU.ActiveCfg = Debug|Any CPU
		{B6D42F6B-2599-4152-9282-287BE931951B}.Debug|Any CPU.Build.0 = Debug|Any CPU
		{B6D42F6B-2599-4152-9282-287BE931951B}.Debug|x64.ActiveCfg = Debug|Any CPU
		{B6D42F6B-2599-4152-9282-287BE931951B}.Debug|x64.Build.0 = Debug|Any CPU
		{B6D42F6B-2599-4152-9282-287BE931951B}.Debug|x86.ActiveCfg = Debug|Any CPU
		{B6D42F6B-2599-4152-9282-287BE931951B}.Debug|x86.Build.0 = Debug|Any CPU
		{B6D42F6B-2599-4152-9282-287BE931951B}.Release|Any CPU.ActiveCfg = Release|Any CPU
		{B6D42F6B-2599-4152-9282-287BE931951B}.Release|Any CPU.Build.0 = Release|Any CPU
		{B6D42F6B-2599-4152-9282-287BE931951B}.Release|x64.ActiveCfg = Release|Any CPU
		{B6D42F6B-2599-4152-9282-287BE931951B}.Release|x64.Build.0 = Release|Any CPU
		{B6D42F6B-2599-4152-9282-287BE931951B}.Release|x86.ActiveCfg = Release|Any CPU
		{B6D42F6B-2599-4152-9282-287BE931951B}.Release|x86.Build.0 = Release|Any CPU
		{D88F1A6F-A791-4F3A-A8B0-49805A1326ED}.Debug|Any CPU.ActiveCfg = Debug|Any CPU
		{D88F1A6F-A791-4F3A-A8B0-49805A1326ED}.Debug|Any CPU.Build.0 = Debug|Any CPU
		{D88F1A6F-A791-4F3A-A8B0-49805A1326ED}.Debug|x64.ActiveCfg = Debug|Any CPU
		{D88F1A6F-A791-4F3A-A8B0-49805A1326ED}.Debug|x64.Build.0 = Debug|Any CPU
		{D88F1A6F-A791-4F3A-A8B0-49805A1326ED}.Debug|x86.ActiveCfg = Debug|Any CPU
		{D88F1A6F-A791-4F3A-A8B0-49805A1326ED}.Debug|x86.Build.0 = Debug|Any CPU
		{D88F1A6F-A791-4F3A-A8B0-49805A1326ED}.Release|Any CPU.ActiveCfg = Release|Any CPU
		{D88F1A6F-A791-4F3A-A8B0-49805A1326ED}.Release|Any CPU.Build.0 = Release|Any CPU
		{D88F1A6F-A791-4F3A-A8B0-49805A1326ED}.Release|x64.ActiveCfg = Release|Any CPU
		{D88F1A6F-A791-4F3A-A8B0-49805A1326ED}.Release|x64.Build.0 = Release|Any CPU
		{D88F1A6F-A791-4F3A-A8B0-49805A1326ED}.Release|x86.ActiveCfg = Release|Any CPU
		{D88F1A6F-A791-4F3A-A8B0-49805A1326ED}.Release|x86.Build.0 = Release|Any CPU
		{B0AF8DCA-180B-450A-911B-C04CB5217F44}.Debug|Any CPU.ActiveCfg = Debug|Any CPU
		{B0AF8DCA-180B-450A-911B-C04CB5217F44}.Debug|Any CPU.Build.0 = Debug|Any CPU
		{B0AF8DCA-180B-450A-911B-C04CB5217F44}.Debug|x64.ActiveCfg = Debug|Any CPU
		{B0AF8DCA-180B-450A-911B-C04CB5217F44}.Debug|x64.Build.0 = Debug|Any CPU
		{B0AF8DCA-180B-450A-911B-C04CB5217F44}.Debug|x86.ActiveCfg = Debug|Any CPU
		{B0AF8DCA-180B-450A-911B-C04CB5217F44}.Debug|x86.Build.0 = Debug|Any CPU
		{B0AF8DCA-180B-450A-911B-C04CB5217F44}.Release|Any CPU.ActiveCfg = Release|Any CPU
		{B0AF8DCA-180B-450A-911B-C04CB5217F44}.Release|Any CPU.Build.0 = Release|Any CPU
		{B0AF8DCA-180B-450A-911B-C04CB5217F44}.Release|x64.ActiveCfg = Release|Any CPU
		{B0AF8DCA-180B-450A-911B-C04CB5217F44}.Release|x64.Build.0 = Release|Any CPU
		{B0AF8DCA-180B-450A-911B-C04CB5217F44}.Release|x86.ActiveCfg = Release|Any CPU
		{B0AF8DCA-180B-450A-911B-C04CB5217F44}.Release|x86.Build.0 = Release|Any CPU
		{8AC6B59C-4D16-4C8C-BBE0-A3C8752FD99B}.Debug|Any CPU.ActiveCfg = Debug|Any CPU
		{8AC6B59C-4D16-4C8C-BBE0-A3C8752FD99B}.Debug|Any CPU.Build.0 = Debug|Any CPU
		{8AC6B59C-4D16-4C8C-BBE0-A3C8752FD99B}.Debug|x64.ActiveCfg = Debug|Any CPU
		{8AC6B59C-4D16-4C8C-BBE0-A3C8752FD99B}.Debug|x64.Build.0 = Debug|Any CPU
		{8AC6B59C-4D16-4C8C-BBE0-A3C8752FD99B}.Debug|x86.ActiveCfg = Debug|Any CPU
		{8AC6B59C-4D16-4C8C-BBE0-A3C8752FD99B}.Debug|x86.Build.0 = Debug|Any CPU
		{8AC6B59C-4D16-4C8C-BBE0-A3C8752FD99B}.Release|Any CPU.ActiveCfg = Release|Any CPU
		{8AC6B59C-4D16-4C8C-BBE0-A3C8752FD99B}.Release|Any CPU.Build.0 = Release|Any CPU
		{8AC6B59C-4D16-4C8C-BBE0-A3C8752FD99B}.Release|x64.ActiveCfg = Release|Any CPU
		{8AC6B59C-4D16-4C8C-BBE0-A3C8752FD99B}.Release|x64.Build.0 = Release|Any CPU
		{8AC6B59C-4D16-4C8C-BBE0-A3C8752FD99B}.Release|x86.ActiveCfg = Release|Any CPU
		{8AC6B59C-4D16-4C8C-BBE0-A3C8752FD99B}.Release|x86.Build.0 = Release|Any CPU
		{36E43FCC-9962-4B63-8EBB-98C5468671BD}.Debug|Any CPU.ActiveCfg = Debug|Any CPU
		{36E43FCC-9962-4B63-8EBB-98C5468671BD}.Debug|Any CPU.Build.0 = Debug|Any CPU
		{36E43FCC-9962-4B63-8EBB-98C5468671BD}.Debug|x64.ActiveCfg = Debug|Any CPU
		{36E43FCC-9962-4B63-8EBB-98C5468671BD}.Debug|x64.Build.0 = Debug|Any CPU
		{36E43FCC-9962-4B63-8EBB-98C5468671BD}.Debug|x86.ActiveCfg = Debug|Any CPU
		{36E43FCC-9962-4B63-8EBB-98C5468671BD}.Debug|x86.Build.0 = Debug|Any CPU
		{36E43FCC-9962-4B63-8EBB-98C5468671BD}.Release|Any CPU.ActiveCfg = Release|Any CPU
		{36E43FCC-9962-4B63-8EBB-98C5468671BD}.Release|Any CPU.Build.0 = Release|Any CPU
		{36E43FCC-9962-4B63-8EBB-98C5468671BD}.Release|x64.ActiveCfg = Release|Any CPU
		{36E43FCC-9962-4B63-8EBB-98C5468671BD}.Release|x64.Build.0 = Release|Any CPU
		{36E43FCC-9962-4B63-8EBB-98C5468671BD}.Release|x86.ActiveCfg = Release|Any CPU
		{36E43FCC-9962-4B63-8EBB-98C5468671BD}.Release|x86.Build.0 = Release|Any CPU
		{594ED497-51BA-4069-AB26-0664FC02AC74}.Debug|Any CPU.ActiveCfg = Debug|Any CPU
		{594ED497-51BA-4069-AB26-0664FC02AC74}.Debug|Any CPU.Build.0 = Debug|Any CPU
		{594ED497-51BA-4069-AB26-0664FC02AC74}.Debug|x64.ActiveCfg = Debug|Any CPU
		{594ED497-51BA-4069-AB26-0664FC02AC74}.Debug|x64.Build.0 = Debug|Any CPU
		{594ED497-51BA-4069-AB26-0664FC02AC74}.Debug|x86.ActiveCfg = Debug|Any CPU
		{594ED497-51BA-4069-AB26-0664FC02AC74}.Debug|x86.Build.0 = Debug|Any CPU
		{594ED497-51BA-4069-AB26-0664FC02AC74}.Release|Any CPU.ActiveCfg = Release|Any CPU
		{594ED497-51BA-4069-AB26-0664FC02AC74}.Release|Any CPU.Build.0 = Release|Any CPU
		{594ED497-51BA-4069-AB26-0664FC02AC74}.Release|x64.ActiveCfg = Release|Any CPU
		{594ED497-51BA-4069-AB26-0664FC02AC74}.Release|x64.Build.0 = Release|Any CPU
		{594ED497-51BA-4069-AB26-0664FC02AC74}.Release|x86.ActiveCfg = Release|Any CPU
		{594ED497-51BA-4069-AB26-0664FC02AC74}.Release|x86.Build.0 = Release|Any CPU
		{6AF39822-BBC2-4983-8256-9107FDEB83DD}.Debug|Any CPU.ActiveCfg = Debug|Any CPU
		{6AF39822-BBC2-4983-8256-9107FDEB83DD}.Debug|Any CPU.Build.0 = Debug|Any CPU
		{6AF39822-BBC2-4983-8256-9107FDEB83DD}.Debug|x64.ActiveCfg = Debug|Any CPU
		{6AF39822-BBC2-4983-8256-9107FDEB83DD}.Debug|x64.Build.0 = Debug|Any CPU
		{6AF39822-BBC2-4983-8256-9107FDEB83DD}.Debug|x86.ActiveCfg = Debug|Any CPU
		{6AF39822-BBC2-4983-8256-9107FDEB83DD}.Debug|x86.Build.0 = Debug|Any CPU
		{6AF39822-BBC2-4983-8256-9107FDEB83DD}.Release|Any CPU.ActiveCfg = Release|Any CPU
		{6AF39822-BBC2-4983-8256-9107FDEB83DD}.Release|Any CPU.Build.0 = Release|Any CPU
		{6AF39822-BBC2-4983-8256-9107FDEB83DD}.Release|x64.ActiveCfg = Release|Any CPU
		{6AF39822-BBC2-4983-8256-9107FDEB83DD}.Release|x64.Build.0 = Release|Any CPU
		{6AF39822-BBC2-4983-8256-9107FDEB83DD}.Release|x86.ActiveCfg = Release|Any CPU
		{6AF39822-BBC2-4983-8256-9107FDEB83DD}.Release|x86.Build.0 = Release|Any CPU
	EndGlobalSection
	GlobalSection(SolutionProperties) = preSolution
		HideSolutionNode = FALSE
	EndGlobalSection
	GlobalSection(NestedProjects) = preSolution
		{E4F07A3A-0D15-4D3A-4C13-E2BD6EBFF108} = {CA253913-39DE-BFD0-C9A3-4B7EC6FBDF17}
		{B6D42F6B-2599-4152-9282-287BE931951B} = {E4F07A3A-0D15-4D3A-4C13-E2BD6EBFF108}
		{D88F1A6F-A791-4F3A-A8B0-49805A1326ED} = {A1B2C3D4-E5F6-7890-ABCD-EF1234567890}
		{B0AF8DCA-180B-450A-911B-C04CB5217F44} = {A1B2C3D4-E5F6-7890-ABCD-EF1234567890}
		{8AC6B59C-4D16-4C8C-BBE0-A3C8752FD99B} = {A1B2C3D4-E5F6-7890-ABCD-EF1234567890}
		{36E43FCC-9962-4B63-8EBB-98C5468671BD} = {A1B2C3D4-E5F6-7890-ABCD-EF1234567890}
		{594ED497-51BA-4069-AB26-0664FC02AC74} = {A1B2C3D4-E5F6-7890-ABCD-EF1234567890}
		{6AF39822-BBC2-4983-8256-9107FDEB83DD} = {A1B2C3D4-E5F6-7890-ABCD-EF1234567890}
	EndGlobalSection
EndGlobal
